
Microsoft Visual Studio Solution File, Format Version 12.00
# Visual Studio 14
VisualStudioVersion = 14.0.25420.1
MinimumVisualStudioVersion = 10.0.40219.1
Project("{FAE04EC0-301F-11D3-BF4B-00C04F79EFBC}") = "FullSerializer", "FullSerializer\FullSerializer.csproj", "{0A7A7EDD-5A82-4DA3-816A-41FFA7D4D612}"
EndProject
Project("{FAE04EC0-301F-11D3-BF4B-00C04F79EFBC}") = "NVorbis", "NVorbis\NVorbis.csproj", "{A372E591-DFEF-49C4-9C82-98C4361EFCCD}"
EndProject
Project("{FAE04EC0-301F-11D3-BF4B-00C04F79EFBC}") = "SharpCompress", "SharpCompress\SharpCompress.csproj", "{FD19DDD8-72B2-4024-8665-0D1F7A2AA998}"
EndProject
Global
	GlobalSection(SolutionConfigurationPlatforms) = preSolution
		Debug|Any CPU = Debug|Any CPU
		Release|Any CPU = Release|Any CPU
	EndGlobalSection
	GlobalSection(ProjectConfigurationPlatforms) = postSolution
		{0A7A7EDD-5A82-4DA3-816A-41FFA7D4D612}.Debug|Any CPU.ActiveCfg = Debug|Any CPU
		{0A7A7EDD-5A82-4DA3-816A-41FFA7D4D612}.Debug|Any CPU.Build.0 = Debug|Any CPU
		{0A7A7EDD-5A82-4DA3-816A-41FFA7D4D612}.Release|Any CPU.ActiveCfg = Release|Any CPU
		{0A7A7EDD-5A82-4DA3-816A-41FFA7D4D612}.Release|Any CPU.Build.0 = Release|Any CPU
		{A372E591-DFEF-49C4-9C82-98C4361EFCCD}.Debug|Any CPU.ActiveCfg = Debug|Any CPU
		{A372E591-DFEF-49C4-9C82-98C4361EFCCD}.Debug|Any CPU.Build.0 = Debug|Any CPU
		{A372E591-DFEF-49C4-9C82-98C4361EFCCD}.Release|Any CPU.ActiveCfg = Release|Any CPU
		{A372E591-DFEF-49C4-9C82-98C4361EFCCD}.Release|Any CPU.Build.0 = Release|Any CPU
		{FD19DDD8-72B2-4024-8665-0D1F7A2AA998}.Debug|Any CPU.ActiveCfg = Debug|Any CPU
		{FD19DDD8-72B2-4024-8665-0D1F7A2AA998}.Debug|Any CPU.Build.0 = Debug|Any CPU
		{FD19DDD8-72B2-4024-8665-0D1F7A2AA998}.Release|Any CPU.ActiveCfg = Release|Any CPU
		{FD19DDD8-72B2-4024-8665-0D1F7A2AA998}.Release|Any CPU.Build.0 = Release|Any CPU
	EndGlobalSection
	GlobalSection(SolutionProperties) = preSolution
		HideSolutionNode = FALSE
	EndGlobalSection
EndGlobal
